
Microsoft Visual Studio Solution File, Format Version 11.00
# Visual Studio 2010
Project("{FAE04EC0-301F-11D3-BF4B-00C04F79EFBC}") = "SharpCMS.Domain", "SharpCMS.Model\SharpCMS.Domain.csproj", "{CBFC9255-3DAE-442D-B0F4-9854B630B30A}"
EndProject
Project("{FAE04EC0-301F-11D3-BF4B-00C04F79EFBC}") = "SharpCMS.BusinessLogic", "SharpCMS.Service\SharpCMS.BusinessLogic.csproj", "{4ACC4F5E-57F8-435B-A191-36310D5C2EB4}"
EndProject
Project("{FAE04EC0-301F-11D3-BF4B-00C04F79EFBC}") = "SharpCMS.Repository.EF", "SharpCMS.Repository.EF\SharpCMS.Repository.EF.csproj", "{DD67B855-9A1D-41AC-8CD2-67802CEC9557}"
EndProject
Project("{2150E333-8FDC-42A3-9474-1A3956D46DE8}") = "2. Domain", "2. Domain", "{10427EFB-E153-44FD-A654-461F3098F934}"
EndProject
Project("{2150E333-8FDC-42A3-9474-1A3956D46DE8}") = "1. Repository", "1. Repository", "{0EFCE825-26EF-4F87-BAD9-6FC4EE416757}"
EndProject
Project("{2150E333-8FDC-42A3-9474-1A3956D46DE8}") = "3. Business Logic", "3. Business Logic", "{2BAC915E-302F-4DED-BF42-EB2297FEF077}"
EndProject
Project("{2150E333-8FDC-42A3-9474-1A3956D46DE8}") = "4. UI", "4. UI", "{C6181026-E475-481F-AB25-363CA85AE496}"
EndProject
Project("{2150E333-8FDC-42A3-9474-1A3956D46DE8}") = "Architecture", "Architecture", "{18633534-9A75-4CBF-B64D-249B5C58CFBC}"
EndProject
Project("{FAE04EC0-301F-11D3-BF4B-00C04F79EFBC}") = "SharpCMS.UI.Mvc", "SharpCMS.UI.Mvc\SharpCMS.UI.Mvc.csproj", "{9A982D2B-AA3B-42E4-95BC-588FAB6B38CF}"
EndProject
Project("{F088123C-0E9E-452A-89E6-6BA2F21D5CAC}") = "SharpCms.Architecture", "SharpCms.Architecture\SharpCms.Architecture.modelproj", "{70FB855D-AA6E-4AFE-ABC0-EAA5B22B5F85}"
EndProject
Project("{2150E333-8FDC-42A3-9474-1A3956D46DE8}") = "Testing", "Testing", "{76D3A49F-C945-4AAE-9D4A-FA434D1DE300}"
EndProject
Project("{FAE04EC0-301F-11D3-BF4B-00C04F79EFBC}") = "SharpCMS.DataAccess.Tests", "DataAccess.Test\SharpCMS.DataAccess.Tests.csproj", "{F9E74768-C925-4F95-97C6-A04EA97C622F}"
EndProject
Project("{2150E333-8FDC-42A3-9474-1A3956D46DE8}") = "Solution Items", "Solution Items", "{52129573-9401-4C2B-942B-96B9B95B45D1}"
	ProjectSection(SolutionItems) = preProject
		Local.testsettings = Local.testsettings
		SharpCMS_Shared.vsmdi = SharpCMS_Shared.vsmdi
		TraceAndTestImpact.testsettings = TraceAndTestImpact.testsettings
	EndProjectSection
EndProject
Global
	GlobalSection(TestCaseManagementSettings) = postSolution
		CategoryFile = SharpCMS_Shared.vsmdi
	EndGlobalSection
	GlobalSection(SolutionConfigurationPlatforms) = preSolution
		Debug|Any CPU = Debug|Any CPU
		Release|Any CPU = Release|Any CPU
	EndGlobalSection
	GlobalSection(ProjectConfigurationPlatforms) = postSolution
		{CBFC9255-3DAE-442D-B0F4-9854B630B30A}.Debug|Any CPU.ActiveCfg = Debug|Any CPU
		{CBFC9255-3DAE-442D-B0F4-9854B630B30A}.Debug|Any CPU.Build.0 = Debug|Any CPU
		{CBFC9255-3DAE-442D-B0F4-9854B630B30A}.Release|Any CPU.ActiveCfg = Release|Any CPU
		{CBFC9255-3DAE-442D-B0F4-9854B630B30A}.Release|Any CPU.Build.0 = Release|Any CPU
		{4ACC4F5E-57F8-435B-A191-36310D5C2EB4}.Debug|Any CPU.ActiveCfg = Debug|Any CPU
		{4ACC4F5E-57F8-435B-A191-36310D5C2EB4}.Debug|Any CPU.Build.0 = Debug|Any CPU
		{4ACC4F5E-57F8-435B-A191-36310D5C2EB4}.Release|Any CPU.ActiveCfg = Release|Any CPU
		{4ACC4F5E-57F8-435B-A191-36310D5C2EB4}.Release|Any CPU.Build.0 = Release|Any CPU
		{DD67B855-9A1D-41AC-8CD2-67802CEC9557}.Debug|Any CPU.ActiveCfg = Debug|Any CPU
		{DD67B855-9A1D-41AC-8CD2-67802CEC9557}.Debug|Any CPU.Build.0 = Debug|Any CPU
		{DD67B855-9A1D-41AC-8CD2-67802CEC9557}.Release|Any CPU.ActiveCfg = Release|Any CPU
		{DD67B855-9A1D-41AC-8CD2-67802CEC9557}.Release|Any CPU.Build.0 = Release|Any CPU
		{9A982D2B-AA3B-42E4-95BC-588FAB6B38CF}.Debug|Any CPU.ActiveCfg = Debug|Any CPU
		{9A982D2B-AA3B-42E4-95BC-588FAB6B38CF}.Debug|Any CPU.Build.0 = Debug|Any CPU
		{9A982D2B-AA3B-42E4-95BC-588FAB6B38CF}.Release|Any CPU.ActiveCfg = Release|Any CPU
		{9A982D2B-AA3B-42E4-95BC-588FAB6B38CF}.Release|Any CPU.Build.0 = Release|Any CPU
		{70FB855D-AA6E-4AFE-ABC0-EAA5B22B5F85}.Debug|Any CPU.ActiveCfg = Debug|Any CPU
		{70FB855D-AA6E-4AFE-ABC0-EAA5B22B5F85}.Debug|Any CPU.Build.0 = Debug|Any CPU
		{70FB855D-AA6E-4AFE-ABC0-EAA5B22B5F85}.Release|Any CPU.ActiveCfg = Release|Any CPU
		{70FB855D-AA6E-4AFE-ABC0-EAA5B22B5F85}.Release|Any CPU.Build.0 = Release|Any CPU
		{F9E74768-C925-4F95-97C6-A04EA97C622F}.Debug|Any CPU.ActiveCfg = Debug|Any CPU
		{F9E74768-C925-4F95-97C6-A04EA97C622F}.Debug|Any CPU.Build.0 = Debug|Any CPU
		{F9E74768-C925-4F95-97C6-A04EA97C622F}.Release|Any CPU.ActiveCfg = Release|Any CPU
		{F9E74768-C925-4F95-97C6-A04EA97C622F}.Release|Any CPU.Build.0 = Release|Any CPU
	EndGlobalSection
	GlobalSection(SolutionProperties) = preSolution
		HideSolutionNode = FALSE
	EndGlobalSection
	GlobalSection(NestedProjects) = preSolution
		{CBFC9255-3DAE-442D-B0F4-9854B630B30A} = {10427EFB-E153-44FD-A654-461F3098F934}
		{4ACC4F5E-57F8-435B-A191-36310D5C2EB4} = {2BAC915E-302F-4DED-BF42-EB2297FEF077}
		{DD67B855-9A1D-41AC-8CD2-67802CEC9557} = {0EFCE825-26EF-4F87-BAD9-6FC4EE416757}
		{9A982D2B-AA3B-42E4-95BC-588FAB6B38CF} = {C6181026-E475-481F-AB25-363CA85AE496}
		{70FB855D-AA6E-4AFE-ABC0-EAA5B22B5F85} = {18633534-9A75-4CBF-B64D-249B5C58CFBC}
		{F9E74768-C925-4F95-97C6-A04EA97C622F} = {76D3A49F-C945-4AAE-9D4A-FA434D1DE300}
		{52129573-9401-4C2B-942B-96B9B95B45D1} = {76D3A49F-C945-4AAE-9D4A-FA434D1DE300}
	EndGlobalSection
EndGlobal
